
Microsoft Visual Studio Solution File, Format Version 12.00
# Visual Studio 15
VisualStudioVersion = 15.0.26730.16
MinimumVisualStudioVersion = 10.0.40219.1
Project("{FAE04EC0-301F-11D3-BF4B-00C04F79EFBC}") = "GodelTech.AreaMonitor.Api", "GodelTech.AreaMonitor.Api\GodelTech.AreaMonitor.Api.csproj", "{CCF22410-E612-4D1E-80E4-8642373C3D06}"
	ProjectSection(ProjectDependencies) = postProject
		{9CCC9F29-16AF-40E1-8444-4B20203BCE68} = {9CCC9F29-16AF-40E1-8444-4B20203BCE68}
	EndProjectSection
EndProject
Project("{FAE04EC0-301F-11D3-BF4B-00C04F79EFBC}") = "GodelTech.AreaMonitor.Dal", "GodelTech.AreaMonitor.DAL\GodelTech.AreaMonitor.Dal.csproj", "{F3218D70-4AA9-464A-A9EA-3117657D9948}"
EndProject
Project("{FAE04EC0-301F-11D3-BF4B-00C04F79EFBC}") = "GodelTech.AreaMonitor.Bll", "GodelTech.AreaMonitor.Bll\GodelTech.AreaMonitor.Bll.csproj", "{9CCC9F29-16AF-40E1-8444-4B20203BCE68}"
EndProject
Project("{FAE04EC0-301F-11D3-BF4B-00C04F79EFBC}") = "GodelTech.AreaMonitor.Api.Tests", "GodelTech.AreaMonitor.Api.Tests\GodelTech.AreaMonitor.Api.Tests.csproj", "{B8208B2C-D582-4729-9C2B-EDB633B0727F}"
	ProjectSection(ProjectDependencies) = postProject
		{CCF22410-E612-4D1E-80E4-8642373C3D06} = {CCF22410-E612-4D1E-80E4-8642373C3D06}
		{9CCC9F29-16AF-40E1-8444-4B20203BCE68} = {9CCC9F29-16AF-40E1-8444-4B20203BCE68}
	EndProjectSection
EndProject
Project("{FAE04EC0-301F-11D3-BF4B-00C04F79EFBC}") = "GodelTech.AreaMonitor.Bll.Tests", "GodelTech.AreaMonitor.Bll.Tests\GodelTech.AreaMonitor.Bll.Tests.csproj", "{D13BD13A-10E7-4D40-8447-F2A8248FC1CE}"
	ProjectSection(ProjectDependencies) = postProject
		{9CCC9F29-16AF-40E1-8444-4B20203BCE68} = {9CCC9F29-16AF-40E1-8444-4B20203BCE68}
	EndProjectSection
EndProject
Project("{2150E333-8FDC-42A3-9474-1A3956D46DE8}") = "Test", "Test", "{0440BCC9-9F18-49A5-8FA9-C540E26292F7}"
EndProject
Global
	GlobalSection(SolutionConfigurationPlatforms) = preSolution
		Debug|Any CPU = Debug|Any CPU
		Release|Any CPU = Release|Any CPU
	EndGlobalSection
	GlobalSection(ProjectConfigurationPlatforms) = postSolution
		{CCF22410-E612-4D1E-80E4-8642373C3D06}.Debug|Any CPU.ActiveCfg = Debug|Any CPU
		{CCF22410-E612-4D1E-80E4-8642373C3D06}.Debug|Any CPU.Build.0 = Debug|Any CPU
		{CCF22410-E612-4D1E-80E4-8642373C3D06}.Release|Any CPU.ActiveCfg = Release|Any CPU
		{CCF22410-E612-4D1E-80E4-8642373C3D06}.Release|Any CPU.Build.0 = Release|Any CPU
		{F3218D70-4AA9-464A-A9EA-3117657D9948}.Debug|Any CPU.ActiveCfg = Debug|Any CPU
		{F3218D70-4AA9-464A-A9EA-3117657D9948}.Debug|Any CPU.Build.0 = Debug|Any CPU
		{F3218D70-4AA9-464A-A9EA-3117657D9948}.Release|Any CPU.ActiveCfg = Release|Any CPU
		{F3218D70-4AA9-464A-A9EA-3117657D9948}.Release|Any CPU.Build.0 = Release|Any CPU
		{9CCC9F29-16AF-40E1-8444-4B20203BCE68}.Debug|Any CPU.ActiveCfg = Debug|Any CPU
		{9CCC9F29-16AF-40E1-8444-4B20203BCE68}.Debug|Any CPU.Build.0 = Debug|Any CPU
		{9CCC9F29-16AF-40E1-8444-4B20203BCE68}.Release|Any CPU.ActiveCfg = Release|Any CPU
		{9CCC9F29-16AF-40E1-8444-4B20203BCE68}.Release|Any CPU.Build.0 = Release|Any CPU
		{B8208B2C-D582-4729-9C2B-EDB633B0727F}.Debug|Any CPU.ActiveCfg = Debug|Any CPU
		{B8208B2C-D582-4729-9C2B-EDB633B0727F}.Debug|Any CPU.Build.0 = Debug|Any CPU
		{B8208B2C-D582-4729-9C2B-EDB633B0727F}.Release|Any CPU.ActiveCfg = Release|Any CPU
		{B8208B2C-D582-4729-9C2B-EDB633B0727F}.Release|Any CPU.Build.0 = Release|Any CPU
		{D13BD13A-10E7-4D40-8447-F2A8248FC1CE}.Debug|Any CPU.ActiveCfg = Debug|Any CPU
		{D13BD13A-10E7-4D40-8447-F2A8248FC1CE}.Debug|Any CPU.Build.0 = Debug|Any CPU
		{D13BD13A-10E7-4D40-8447-F2A8248FC1CE}.Release|Any CPU.ActiveCfg = Release|Any CPU
		{D13BD13A-10E7-4D40-8447-F2A8248FC1CE}.Release|Any CPU.Build.0 = Release|Any CPU
	EndGlobalSection
	GlobalSection(SolutionProperties) = preSolution
		HideSolutionNode = FALSE
	EndGlobalSection
	GlobalSection(NestedProjects) = preSolution
		{B8208B2C-D582-4729-9C2B-EDB633B0727F} = {0440BCC9-9F18-49A5-8FA9-C540E26292F7}
		{D13BD13A-10E7-4D40-8447-F2A8248FC1CE} = {0440BCC9-9F18-49A5-8FA9-C540E26292F7}
	EndGlobalSection
	GlobalSection(ExtensibilityGlobals) = postSolution
		SolutionGuid = {636D99D3-2DAB-4677-8649-6362F8C22347}
	EndGlobalSection
EndGlobal
